
Microsoft Visual Studio Solution File, Format Version 12.00
# Visual Studio Version 17
VisualStudioVersion = 17.10.35122.118
MinimumVisualStudioVersion = 10.0.40219.1
Project("{FAE04EC0-301F-11D3-BF4B-00C04F79EFBC}") = "L2WpfApp", "L2WpfApp\L2WpfApp.csproj", "{3281EFC3-9B52-4305-A3E7-07A60841FEC1}"
EndProject
Global
	GlobalSection(SolutionConfigurationPlatforms) = preSolution
		Debug|Any CPU = Debug|Any CPU
		Release|Any CPU = Release|Any CPU
	EndGlobalSection
	GlobalSection(ProjectConfigurationPlatforms) = postSolution
		{3281EFC3-9B52-4305-A3E7-07A60841FEC1}.Debug|Any CPU.ActiveCfg = Debug|Any CPU
		{3281EFC3-9B52-4305-A3E7-07A60841FEC1}.Debug|Any CPU.Build.0 = Debug|Any CPU
		{3281EFC3-9B52-4305-A3E7-07A60841FEC1}.Release|Any CPU.ActiveCfg = Release|Any CPU
		{3281EFC3-9B52-4305-A3E7-07A60841FEC1}.Release|Any CPU.Build.0 = Release|Any CPU
	EndGlobalSection
	GlobalSection(SolutionProperties) = preSolution
		HideSolutionNode = FALSE
	EndGlobalSection
	GlobalSection(ExtensibilityGlobals) = postSolution
		SolutionGuid = {4CDDAB80-F98E-446A-98B2-B5FED5BC310C}
	EndGlobalSection
EndGlobal
